
Microsoft Visual Studio Solution File, Format Version 12.00
# Visual Studio Version 16
VisualStudioVersion = 16.0.30611.23
MinimumVisualStudioVersion = 10.0.40219.1
Project("{9A19103F-16F7-4668-BE54-9A1E7A4F7556}") = "MakeConst", "MakeConst\MakeConst.csproj", "{7BF4019E-9599-43D5-B1EA-930CC2E57910}"
EndProject
Project("{9A19103F-16F7-4668-BE54-9A1E7A4F7556}") = "MakeConst.CodeFixes", "MakeConst.CodeFixes\MakeConst.CodeFixes.csproj", "{204FDEAC-483E-414A-96EF-3922948304C5}"
EndProject
Project("{9A19103F-16F7-4668-BE54-9A1E7A4F7556}") = "MakeConst.Package", "MakeConst.Package\MakeConst.Package.csproj", "{295D7B82-CACF-4505-9845-D94A757A739D}"
EndProject
Project("{9A19103F-16F7-4668-BE54-9A1E7A4F7556}") = "MakeConst.Test", "MakeConst.Test\MakeConst.Test.csproj", "{B00E9ABC-D677-4792-8766-E945CAF6B3F3}"
EndProject
Project("{9A19103F-16F7-4668-BE54-9A1E7A4F7556}") = "MakeConst.Vsix", "MakeConst.Vsix\MakeConst.Vsix.csproj", "{21CCDEFA-0702-4510-B284-E5BB9F3B8B37}"
EndProject
Global
	GlobalSection(SolutionConfigurationPlatforms) = preSolution
		Debug|Any CPU = Debug|Any CPU
		Release|Any CPU = Release|Any CPU
	EndGlobalSection
	GlobalSection(ProjectConfigurationPlatforms) = postSolution
		{7BF4019E-9599-43D5-B1EA-930CC2E57910}.Debug|Any CPU.ActiveCfg = Debug|Any CPU
		{7BF4019E-9599-43D5-B1EA-930CC2E57910}.Debug|Any CPU.Build.0 = Debug|Any CPU
		{7BF4019E-9599-43D5-B1EA-930CC2E57910}.Release|Any CPU.ActiveCfg = Release|Any CPU
		{7BF4019E-9599-43D5-B1EA-930CC2E57910}.Release|Any CPU.Build.0 = Release|Any CPU
		{204FDEAC-483E-414A-96EF-3922948304C5}.Debug|Any CPU.ActiveCfg = Debug|Any CPU
		{204FDEAC-483E-414A-96EF-3922948304C5}.Debug|Any CPU.Build.0 = Debug|Any CPU
		{204FDEAC-483E-414A-96EF-3922948304C5}.Release|Any CPU.ActiveCfg = Release|Any CPU
		{204FDEAC-483E-414A-96EF-3922948304C5}.Release|Any CPU.Build.0 = Release|Any CPU
		{295D7B82-CACF-4505-9845-D94A757A739D}.Debug|Any CPU.ActiveCfg = Debug|Any CPU
		{295D7B82-CACF-4505-9845-D94A757A739D}.Debug|Any CPU.Build.0 = Debug|Any CPU
		{295D7B82-CACF-4505-9845-D94A757A739D}.Release|Any CPU.ActiveCfg = Release|Any CPU
		{295D7B82-CACF-4505-9845-D94A757A739D}.Release|Any CPU.Build.0 = Release|Any CPU
		{B00E9ABC-D677-4792-8766-E945CAF6B3F3}.Debug|Any CPU.ActiveCfg = Debug|Any CPU
		{B00E9ABC-D677-4792-8766-E945CAF6B3F3}.Debug|Any CPU.Build.0 = Debug|Any CPU
		{B00E9ABC-D677-4792-8766-E945CAF6B3F3}.Release|Any CPU.ActiveCfg = Release|Any CPU
		{B00E9ABC-D677-4792-8766-E945CAF6B3F3}.Release|Any CPU.Build.0 = Release|Any CPU
		{21CCDEFA-0702-4510-B284-E5BB9F3B8B37}.Debug|Any CPU.ActiveCfg = Debug|Any CPU
		{21CCDEFA-0702-4510-B284-E5BB9F3B8B37}.Debug|Any CPU.Build.0 = Debug|Any CPU
		{21CCDEFA-0702-4510-B284-E5BB9F3B8B37}.Release|Any CPU.ActiveCfg = Release|Any CPU
		{21CCDEFA-0702-4510-B284-E5BB9F3B8B37}.Release|Any CPU.Build.0 = Release|Any CPU
	EndGlobalSection
	GlobalSection(SolutionProperties) = preSolution
		HideSolutionNode = FALSE
	EndGlobalSection
	GlobalSection(ExtensibilityGlobals) = postSolution
		SolutionGuid = {561CF510-0FE1-4826-9EA9-1FF5ABE14442}
	EndGlobalSection
EndGlobal
